
Microsoft Visual Studio Solution File, Format Version 12.00
# Visual Studio Version 17
VisualStudioVersion = 17.0.32014.148
MinimumVisualStudioVersion = 10.0.40219.1
Project("{FAE04EC0-301F-11D3-BF4B-00C04F79EFBC}") = "IndianCensusAnalyzer", "IndianCensusAnalyzer\IndianCensusAnalyzer.csproj", "{8B2372B2-D3ED-43FE-8550-3B7A6B52AC12}"
EndProject
Global
	GlobalSection(SolutionConfigurationPlatforms) = preSolution
		Debug|Any CPU = Debug|Any CPU
		Release|Any CPU = Release|Any CPU
	EndGlobalSection
	GlobalSection(ProjectConfigurationPlatforms) = postSolution
		{8B2372B2-D3ED-43FE-8550-3B7A6B52AC12}.Debug|Any CPU.ActiveCfg = Debug|Any CPU
		{8B2372B2-D3ED-43FE-8550-3B7A6B52AC12}.Debug|Any CPU.Build.0 = Debug|Any CPU
		{8B2372B2-D3ED-43FE-8550-3B7A6B52AC12}.Release|Any CPU.ActiveCfg = Release|Any CPU
		{8B2372B2-D3ED-43FE-8550-3B7A6B52AC12}.Release|Any CPU.Build.0 = Release|Any CPU
	EndGlobalSection
	GlobalSection(SolutionProperties) = preSolution
		HideSolutionNode = FALSE
	EndGlobalSection
	GlobalSection(ExtensibilityGlobals) = postSolution
		SolutionGuid = {03FD7601-FB9F-42F9-BDD0-E67292F9C3B5}
	EndGlobalSection
EndGlobal
